// !$*UTF8*$!
{
	archiveVersion = 1;
	classes = {
	};
	objectVersion = 50;
	objects = {

/* Begin PBXBuildFile section */
		674F0AC8258E2975008013A7 /* UI_78App.swift in Sources */ = {isa = PBXBuildFile; fileRef = 674F0AC7258E2975008013A7 /* UI_78App.swift */; };
		674F0ACA258E2975008013A7 /* ContentView.swift in Sources */ = {isa = PBXBuildFile; fileRef = 674F0AC9258E2975008013A7 /* ContentView.swift */; };
		674F0ACC258E2978008013A7 /* Assets.xcassets in Resources */ = {isa = PBXBuildFile; fileRef = 674F0ACB258E2978008013A7 /* Assets.xcassets */; };
		674F0ACF258E2978008013A7 /* Preview Assets.xcassets in Resources */ = {isa = PBXBuildFile; fileRef = 674F0ACE258E2978008013A7 /* Preview Assets.xcassets */; };
		674F0ADA258E2978008013A7 /* UI_78Tests.swift in Sources */ = {isa = PBXBuildFile; fileRef = 674F0AD9258E2978008013A7 /* UI_78Tests.swift */; };
		674F0AE5258E2978008013A7 /* UI_78UITests.swift in Sources */ = {isa = PBXBuildFile; fileRef = 674F0AE4258E2978008013A7 /* UI_78UITests.swift */; };
/* End PBXBuildFile section */

/* Begin PBXContainerItemProxy section */
		674F0AD6258E2978008013A7 /* PBXContainerItemProxy */ = {
			isa = PBXContainerItemProxy;
			containerPortal = 674F0ABC258E2975008013A7 /* Project object */;
			proxyType = 1;
			remoteGlobalIDString = 674F0AC3258E2975008013A7;
			remoteInfo = "UI-78";
		};
		674F0AE1258E2978008013A7 /* PBXContainerItemProxy */ = {
			isa = PBXContainerItemProxy;
			containerPortal = 674F0ABC258E2975008013A7 /* Project object */;
			proxyType = 1;
			remoteGlobalIDString = 674F0AC3258E2975008013A7;
			remoteInfo = "UI-78";
		};
/* End PBXContainerItemProxy section */

/* Begin PBXFileReference section */
		674F0AC4258E2975008013A7 /* UI-78.app */ = {isa = PBXFileReference; explicitFileType = wrapper.application; includeInIndex = 0; path = "UI-78.app"; sourceTree = BUILT_PRODUCTS_DIR; };
		674F0AC7258E2975008013A7 /* UI_78App.swift */ = {isa = PBXFileReference; lastKnownFileType = sourcecode.swift; path = UI_78App.swift; sourceTree = "<group>"; };
		674F0AC9258E2975008013A7 /* ContentView.swift */ = {isa = PBXFileReference; lastKnownFileType = sourcecode.swift; path = ContentView.swift; sourceTree = "<group>"; };
		674F0ACB258E2978008013A7 /* Assets.xcassets */ = {isa = PBXFileReference; lastKnownFileType = folder.assetcatalog; path = Assets.xcassets; sourceTree = "<group>"; };
		674F0ACE258E2978008013A7 /* Preview Assets.xcassets */ = {isa = PBXFileReference; lastKnownFileType = folder.assetcatalog; path = "Preview Assets.xcassets"; sourceTree = "<group>"; };
		674F0AD0258E2978008013A7 /* Info.plist */ = {isa = PBXFileReference; lastKnownFileType = text.plist.xml; path = Info.plist; sourceTree = "<group>"; };
		674F0AD5258E2978008013A7 /* UI-78Tests.xctest */ = {isa = PBXFileReference; explicitFileType = wrapper.cfbundle; includeInIndex = 0; path = "UI-78Tests.xctest"; sourceTree = BUILT_PRODUCTS_DIR; };
		674F0AD9258E2978008013A7 /* UI_78Tests.swift */ = {isa = PBXFileReference; lastKnownFileType = sourcecode.swift; path = UI_78Tests.swift; sourceTree = "<group>"; };
		674F0ADB258E2978008013A7 /* Info.plist */ = {isa = PBXFileReference; lastKnownFileType = text.plist.xml; path = Info.plist; sourceTree = "<group>"; };
		674F0AE0258E2978008013A7 /* UI-78UITests.xctest */ = {isa = PBXFileReference; explicitFileType = wrapper.cfbundle; includeInIndex = 0; path = "UI-78UITests.xctest"; sourceTree = BUILT_PRODUCTS_DIR; };
		674F0AE4258E2978008013A7 /* UI_78UITests.swift */ = {isa = PBXFileReference; lastKnownFileType = sourcecode.swift; path = UI_78UITests.swift; sourceTree = "<group>"; };
		674F0AE6258E2978008013A7 /* Info.plist */ = {isa = PBXFileReference; lastKnownFileType = text.plist.xml; path = Info.plist; sourceTree = "<group>"; };
/* End PBXFileReference section */

/* Begin PBXFrameworksBuildPhase section */
		674F0AC1258E2975008013A7 /* Frameworks */ = {
			isa = PBXFrameworksBuildPhase;
			buildActionMask = 2147483647;
			files = (
			);
			runOnlyForDeploymentPostprocessing = 0;
		};
		674F0AD2258E2978008013A7 /* Frameworks */ = {
			isa = PBXFrameworksBuildPhase;
			buildActionMask = 2147483647;
			files = (
			);
			runOnlyForDeploymentPostprocessing = 0;
		};
		674F0ADD258E2978008013A7 /* Frameworks */ = {
			isa = PBXFrameworksBuildPhase;
			buildActionMask = 2147483647;
			files = (
			);
			runOnlyForDeploymentPostprocessing = 0;
		};
/* End PBXFrameworksBuildPhase section */

/* Begin PBXGroup section */
		674F0ABB258E2975008013A7 = {
			isa = PBXGroup;
			children = (
				674F0AC6258E2975008013A7 /* UI-78 */,
				674F0AD8258E2978008013A7 /* UI-78Tests */,
				674F0AE3258E2978008013A7 /* UI-78UITests */,
				674F0AC5258E2975008013A7 /* Products */,
			);
			sourceTree = "<group>";
		};
		674F0AC5258E2975008013A7 /* Products */ = {
			isa = PBXGroup;
			children = (
				674F0AC4258E2975008013A7 /* UI-78.app */,
				674F0AD5258E2978008013A7 /* UI-78Tests.xctest */,
				674F0AE0258E2978008013A7 /* UI-78UITests.xctest */,
			);
			name = Products;
			sourceTree = "<group>";
		};
		674F0AC6258E2975008013A7 /* UI-78 */ = {
			isa = PBXGroup;
			children = (
				674F0AC7258E2975008013A7 /* UI_78App.swift */,
				674F0AC9258E2975008013A7 /* ContentView.swift */,
				674F0ACB258E2978008013A7 /* Assets.xcassets */,
				674F0AD0258E2978008013A7 /* Info.plist */,
				674F0ACD258E2978008013A7 /* Preview Content */,
			);
			path = "UI-78";
			sourceTree = "<group>";
		};
		674F0ACD258E2978008013A7 /* Preview Content */ = {
			isa = PBXGroup;
			children = (
				674F0ACE258E2978008013A7 /* Preview Assets.xcassets */,
			);
			path = "Preview Content";
			sourceTree = "<group>";
		};
		674F0AD8258E2978008013A7 /* UI-78Tests */ = {
			isa = PBXGroup;
			children = (
				674F0AD9258E2978008013A7 /* UI_78Tests.swift */,
				674F0ADB258E2978008013A7 /* Info.plist */,
			);
			path = "UI-78Tests";
			sourceTree = "<group>";
		};
		674F0AE3258E2978008013A7 /* UI-78UITests */ = {
			isa = PBXGroup;
			children = (
				674F0AE4258E2978008013A7 /* UI_78UITests.swift */,
				674F0AE6258E2978008013A7 /* Info.plist */,
			);
			path = "UI-78UITests";
			sourceTree = "<group>";
		};
/* End PBXGroup section */

/* Begin PBXNativeTarget section */
		674F0AC3258E2975008013A7 /* UI-78 */ = {
			isa = PBXNativeTarget;
			buildConfigurationList = 674F0AE9258E2978008013A7 /* Build configuration list for PBXNativeTarget "UI-78" */;
			buildPhases = (
				674F0AC0258E2975008013A7 /* Sources */,
				674F0AC1258E2975008013A7 /* Frameworks */,
				674F0AC2258E2975008013A7 /* Resources */,
			);
			buildRules = (
			);
			dependencies = (
			);
			name = "UI-78";
			productName = "UI-78";
			productReference = 674F0AC4258E2975008013A7 /* UI-78.app */;
			productType = "com.apple.product-type.application";
		};
		674F0AD4258E2978008013A7 /* UI-78Tests */ = {
			isa = PBXNativeTarget;
			buildConfigurationList = 674F0AEC258E2978008013A7 /* Build configuration list for PBXNativeTarget "UI-78Tests" */;
			buildPhases = (
				674F0AD1258E2978008013A7 /* Sources */,
				674F0AD2258E2978008013A7 /* Frameworks */,
				674F0AD3258E2978008013A7 /* Resources */,
			);
			buildRules = (
			);
			dependencies = (
				674F0AD7258E2978008013A7 /* PBXTargetDependency */,
			);
			name = "UI-78Tests";
			productName = "UI-78Tests";
			productReference = 674F0AD5258E2978008013A7 /* UI-78Tests.xctest */;
			productType = "com.apple.product-type.bundle.unit-test";
		};
		674F0ADF258E2978008013A7 /* UI-78UITests */ = {
			isa = PBXNativeTarget;
			buildConfigurationList = 674F0AEF258E2978008013A7 /* Build configuration list for PBXNativeTarget "UI-78UITests" */;
			buildPhases = (
				674F0ADC258E2978008013A7 /* Sources */,
				674F0ADD258E2978008013A7 /* Frameworks */,
				674F0ADE258E2978008013A7 /* Resources */,
			);
			buildRules = (
			);
			dependencies = (
				674F0AE2258E2978008013A7 /* PBXTargetDependency */,
			);
			name = "UI-78UITests";
			productName = "UI-78UITests";
			productReference = 674F0AE0258E2978008013A7 /* UI-78UITests.xctest */;
			productType = "com.apple.product-type.bundle.ui-testing";
		};
/* End PBXNativeTarget section */

/* Begin PBXProject section */
		674F0ABC258E2975008013A7 /* Project object */ = {
			isa = PBXProject;
			attributes = {
				LastSwiftUpdateCheck = 1230;
				LastUpgradeCheck = 1230;
				TargetAttributes = {
					674F0AC3258E2975008013A7 = {
						CreatedOnToolsVersion = 12.3;
					};
					674F0AD4258E2978008013A7 = {
						CreatedOnToolsVersion = 12.3;
						TestTargetID = 674F0AC3258E2975008013A7;
					};
					674F0ADF258E2978008013A7 = {
						CreatedOnToolsVersion = 12.3;
						TestTargetID = 674F0AC3258E2975008013A7;
					};
				};
			};
			buildConfigurationList = 674F0ABF258E2975008013A7 /* Build configuration list for PBXProject "UI-78" */;
			compatibilityVersion = "Xcode 9.3";
			developmentRegion = en;
			hasScannedForEncodings = 0;
			knownRegions = (
				en,
				Base,
			);
			mainGroup = 674F0ABB258E2975008013A7;
			productRefGroup = 674F0AC5258E2975008013A7 /* Products */;
			projectDirPath = "";
			projectRoot = "";
			targets = (
				674F0AC3258E2975008013A7 /* UI-78 */,
				674F0AD4258E2978008013A7 /* UI-78Tests */,
				674F0ADF258E2978008013A7 /* UI-78UITests */,
			);
		};
/* End PBXProject section */

/* Begin PBXResourcesBuildPhase section */
		674F0AC2258E2975008013A7 /* Resources */ = {
			isa = PBXResourcesBuildPhase;
			buildActionMask = 2147483647;
			files = (
				674F0ACF258E2978008013A7 /* Preview Assets.xcassets in Resources */,
				674F0ACC258E2978008013A7 /* Assets.xcassets in Resources */,
			);
			runOnlyForDeploymentPostprocessing = 0;
		};
		674F0AD3258E2978008013A7 /* Resources */ = {
			isa = PBXResourcesBuildPhase;
			buildActionMask = 2147483647;
			files = (
			);
			runOnlyForDeploymentPostprocessing = 0;
		};
		674F0ADE258E2978008013A7 /* Resources */ = {
			isa = PBXResourcesBuildPhase;
			buildActionMask = 2147483647;
			files = (
			);
			runOnlyForDeploymentPostprocessing = 0;
		};
/* End PBXResourcesBuildPhase section */

/* Begin PBXSourcesBuildPhase section */
		674F0AC0258E2975008013A7 /* Sources */ = {
			isa = PBXSourcesBuildPhase;
			buildActionMask = 2147483647;
			files = (
				674F0ACA258E2975008013A7 /* ContentView.swift in Sources */,
				674F0AC8258E2975008013A7 /* UI_78App.swift in Sources */,
			);
			runOnlyForDeploymentPostprocessing = 0;
		};
		674F0AD1258E2978008013A7 /* Sources */ = {
			isa = PBXSourcesBuildPhase;
			buildActionMask = 2147483647;
			files = (
				674F0ADA258E2978008013A7 /* UI_78Tests.swift in Sources */,
			);
			runOnlyForDeploymentPostprocessing = 0;
		};
		674F0ADC258E2978008013A7 /* Sources */ = {
			isa = PBXSourcesBuildPhase;
			buildActionMask = 2147483647;
			files = (
				674F0AE5258E2978008013A7 /* UI_78UITests.swift in Sources */,
			);
			runOnlyForDeploymentPostprocessing = 0;
		};
/* End PBXSourcesBuildPhase section */

/* Begin PBXTargetDependency section */
		674F0AD7258E2978008013A7 /* PBXTargetDependency */ = {
			isa = PBXTargetDependency;
			target = 674F0AC3258E2975008013A7 /* UI-78 */;
			targetProxy = 674F0AD6258E2978008013A7 /* PBXContainerItemProxy */;
		};
		674F0AE2258E2978008013A7 /* PBXTargetDependency */ = {
			isa = PBXTargetDependency;
			target = 674F0AC3258E2975008013A7 /* UI-78 */;
			targetProxy = 674F0AE1258E2978008013A7 /* PBXContainerItemProxy */;
		};
/* End PBXTargetDependency section */

/* Begin XCBuildConfiguration section */
		674F0AE7258E2978008013A7 /* Debug */ = {
			isa = XCBuildConfiguration;
			buildSettings = {
				ALWAYS_SEARCH_USER_PATHS = NO;
				CLANG_ANALYZER_NONNULL = YES;
				CLANG_ANALYZER_NUMBER_OBJECT_CONVERSION = YES_AGGRESSIVE;
				CLANG_CXX_LANGUAGE_STANDARD = "gnu++14";
				CLANG_CXX_LIBRARY = "libc++";
				CLANG_ENABLE_MODULES = YES;
				CLANG_ENABLE_OBJC_ARC = YES;
				CLANG_ENABLE_OBJC_WEAK = YES;
				CLANG_WARN_BLOCK_CAPTURE_AUTORELEASING = YES;
				CLANG_WARN_BOOL_CONVERSION = YES;
				CLANG_WARN_COMMA = YES;
				CLANG_WARN_CONSTANT_CONVERSION = YES;
				CLANG_WARN_DEPRECATED_OBJC_IMPLEMENTATIONS = YES;
				CLANG_WARN_DIRECT_OBJC_ISA_USAGE = YES_ERROR;
				CLANG_WARN_DOCUMENTATION_COMMENTS = YES;
				CLANG_WARN_EMPTY_BODY = YES;
				CLANG_WARN_ENUM_CONVERSION = YES;
				CLANG_WARN_INFINITE_RECURSION = YES;
				CLANG_WARN_INT_CONVERSION = YES;
				CLANG_WARN_NON_LITERAL_NULL_CONVERSION = YES;
				CLANG_WARN_OBJC_IMPLICIT_RETAIN_SELF = YES;
				CLANG_WARN_OBJC_LITERAL_CONVERSION = YES;
				CLANG_WARN_OBJC_ROOT_CLASS = YES_ERROR;
				CLANG_WARN_QUOTED_INCLUDE_IN_FRAMEWORK_HEADER = YES;
				CLANG_WARN_RANGE_LOOP_ANALYSIS = YES;
				CLANG_WARN_STRICT_PROTOTYPES = YES;
				CLANG_WARN_SUSPICIOUS_MOVE = YES;
				CLANG_WARN_UNGUARDED_AVAILABILITY = YES_AGGRESSIVE;
				CLANG_WARN_UNREACHABLE_CODE = YES;
				CLANG_WARN__DUPLICATE_METHOD_MATCH = YES;
				COPY_PHASE_STRIP = NO;
				DEBUG_INFORMATION_FORMAT = dwarf;
				ENABLE_STRICT_OBJC_MSGSEND = YES;
				ENABLE_TESTABILITY = YES;
				GCC_C_LANGUAGE_STANDARD = gnu11;
				GCC_DYNAMIC_NO_PIC = NO;
				GCC_NO_COMMON_BLOCKS = YES;
				GCC_OPTIMIZATION_LEVEL = 0;
				GCC_PREPROCESSOR_DEFINITIONS = (
					"DEBUG=1",
					"$(inherited)",
				);
				GCC_WARN_64_TO_32_BIT_CONVERSION = YES;
				GCC_WARN_ABOUT_RETURN_TYPE = YES_ERROR;
				GCC_WARN_UNDECLARED_SELECTOR = YES;
				GCC_WARN_UNINITIALIZED_AUTOS = YES_AGGRESSIVE;
				GCC_WARN_UNUSED_FUNCTION = YES;
				GCC_WARN_UNUSED_VARIABLE = YES;
				IPHONEOS_DEPLOYMENT_TARGET = 14.3;
				MTL_ENABLE_DEBUG_INFO = INCLUDE_SOURCE;
				MTL_FAST_MATH = YES;
				ONLY_ACTIVE_ARCH = YES;
				SDKROOT = iphoneos;
				SWIFT_ACTIVE_COMPILATION_CONDITIONS = DEBUG;
				SWIFT_OPTIMIZATION_LEVEL = "-Onone";
			};
			name = Debug;
		};
		674F0AE8258E2978008013A7 /* Release */ = {
			isa = XCBuildConfiguration;
			buildSettings = {
				ALWAYS_SEARCH_USER_PATHS = NO;
				CLANG_ANALYZER_NONNULL = YES;
				CLANG_ANALYZER_NUMBER_OBJECT_CONVERSION = YES_AGGRESSIVE;
				CLANG_CXX_LANGUAGE_STANDARD = "gnu++14";
				CLANG_CXX_LIBRARY = "libc++";
				CLANG_ENABLE_MODULES = YES;
				CLANG_ENABLE_OBJC_ARC = YES;
				CLANG_ENABLE_OBJC_WEAK = YES;
				CLANG_WARN_BLOCK_CAPTURE_AUTORELEASING = YES;
				CLANG_WARN_BOOL_CONVERSION = YES;
				CLANG_WARN_COMMA = YES;
				CLANG_WARN_CONSTANT_CONVERSION = YES;
				CLANG_WARN_DEPRECATED_OBJC_IMPLEMENTATIONS = YES;
				CLANG_WARN_DIRECT_OBJC_ISA_USAGE = YES_ERROR;
				CLANG_WARN_DOCUMENTATION_COMMENTS = YES;
				CLANG_WARN_EMPTY_BODY = YES;
				CLANG_WARN_ENUM_CONVERSION = YES;
				CLANG_WARN_INFINITE_RECURSION = YES;
				CLANG_WARN_INT_CONVERSION = YES;
				CLANG_WARN_NON_LITERAL_NULL_CONVERSION = YES;
				CLANG_WARN_OBJC_IMPLICIT_RETAIN_SELF = YES;
				CLANG_WARN_OBJC_LITERAL_CONVERSION = YES;
				CLANG_WARN_OBJC_ROOT_CLASS = YES_ERROR;
				CLANG_WARN_QUOTED_INCLUDE_IN_FRAMEWORK_HEADER = YES;
				CLANG_WARN_RANGE_LOOP_ANALYSIS = YES;
				CLANG_WARN_STRICT_PROTOTYPES = YES;
				CLANG_WARN_SUSPICIOUS_MOVE = YES;
				CLANG_WARN_UNGUARDED_AVAILABILITY = YES_AGGRESSIVE;
				CLANG_WARN_UNREACHABLE_CODE = YES;
				CLANG_WARN__DUPLICATE_METHOD_MATCH = YES;
				COPY_PHASE_STRIP = NO;
				DEBUG_INFORMATION_FORMAT = "dwarf-with-dsym";
				ENABLE_NS_ASSERTIONS = NO;
				ENABLE_STRICT_OBJC_MSGSEND = YES;
				GCC_C_LANGUAGE_STANDARD = gnu11;
				GCC_NO_COMMON_BLOCKS = YES;
				GCC_WARN_64_TO_32_BIT_CONVERSION = YES;
				GCC_WARN_ABOUT_RETURN_TYPE = YES_ERROR;
				GCC_WARN_UNDECLARED_SELECTOR = YES;
				GCC_WARN_UNINITIALIZED_AUTOS = YES_AGGRESSIVE;
				GCC_WARN_UNUSED_FUNCTION = YES;
				GCC_WARN_UNUSED_VARIABLE = YES;
				IPHONEOS_DEPLOYMENT_TARGET = 14.3;
				MTL_ENABLE_DEBUG_INFO = NO;
				MTL_FAST_MATH = YES;
				SDKROOT = iphoneos;
				SWIFT_COMPILATION_MODE = wholemodule;
				SWIFT_OPTIMIZATION_LEVEL = "-O";
				VALIDATE_PRODUCT = YES;
			};
			name = Release;
		};
		674F0AEA258E2978008013A7 /* Debug */ = {
			isa = XCBuildConfiguration;
			buildSettings = {
				ASSETCATALOG_COMPILER_APPICON_NAME = AppIcon;
				ASSETCATALOG_COMPILER_GLOBAL_ACCENT_COLOR_NAME = AccentColor;
				CODE_SIGN_STYLE = Automatic;
				DEVELOPMENT_ASSET_PATHS = "\"UI-78/Preview Content\"";
				ENABLE_PREVIEWS = YES;
				INFOPLIST_FILE = "UI-78/Info.plist";
				IPHONEOS_DEPLOYMENT_TARGET = 14.0;
				LD_RUNPATH_SEARCH_PATHS = (
					"$(inherited)",
					"@executable_path/Frameworks",
				);
				PRODUCT_BUNDLE_IDENTIFIER = "com.uzu.UI-78";
				PRODUCT_NAME = "$(TARGET_NAME)";
				SWIFT_VERSION = 5.0;
				TARGETED_DEVICE_FAMILY = "1,2";
			};
			name = Debug;
		};
		674F0AEB258E2978008013A7 /* Release */ = {
			isa = XCBuildConfiguration;
			buildSettings = {
				ASSETCATALOG_COMPILER_APPICON_NAME = AppIcon;
				ASSETCATALOG_COMPILER_GLOBAL_ACCENT_COLOR_NAME = AccentColor;
				CODE_SIGN_STYLE = Automatic;
				DEVELOPMENT_ASSET_PATHS = "\"UI-78/Preview Content\"";
				ENABLE_PREVIEWS = YES;
				INFOPLIST_FILE = "UI-78/Info.plist";
				IPHONEOS_DEPLOYMENT_TARGET = 14.0;
				LD_RUNPATH_SEARCH_PATHS = (
					"$(inherited)",
					"@executable_path/Frameworks",
				);
				PRODUCT_BUNDLE_IDENTIFIER = "com.uzu.UI-78";
				PRODUCT_NAME = "$(TARGET_NAME)";
				SWIFT_VERSION = 5.0;
				TARGETED_DEVICE_FAMILY = "1,2";
			};
			name = Release;
		};
		674F0AED258E2978008013A7 /* Debug */ = {
			isa = XCBuildConfiguration;
			buildSettings = {
				ALWAYS_EMBED_SWIFT_STANDARD_LIBRARIES = YES;
				BUNDLE_LOADER = "$(TEST_HOST)";
				CODE_SIGN_STYLE = Automatic;
				INFOPLIST_FILE = "UI-78Tests/Info.plist";
				IPHONEOS_DEPLOYMENT_TARGET = 14.0;
				LD_RUNPATH_SEARCH_PATHS = (
					"$(inherited)",
					"@executable_path/Frameworks",
					"@loader_path/Frameworks",
				);
				PRODUCT_BUNDLE_IDENTIFIER = "com.uzu.UI-78Tests";
				PRODUCT_NAME = "$(TARGET_NAME)";
				SWIFT_VERSION = 5.0;
				TARGETED_DEVICE_FAMILY = "1,2";
				TEST_HOST = "$(BUILT_PRODUCTS_DIR)/UI-78.app/UI-78";
			};
			name = Debug;
		};
		674F0AEE258E2978008013A7 /* Release */ = {
			isa = XCBuildConfiguration;
			buildSettings = {
				ALWAYS_EMBED_SWIFT_STANDARD_LIBRARIES = YES;
				BUNDLE_LOADER = "$(TEST_HOST)";
				CODE_SIGN_STYLE = Automatic;
				INFOPLIST_FILE = "UI-78Tests/Info.plist";
				IPHONEOS_DEPLOYMENT_TARGET = 14.0;
				LD_RUNPATH_SEARCH_PATHS = (
					"$(inherited)",
					"@executable_path/Frameworks",
					"@loader_path/Frameworks",
				);
				PRODUCT_BUNDLE_IDENTIFIER = "com.uzu.UI-78Tests";
				PRODUCT_NAME = "$(TARGET_NAME)";
				SWIFT_VERSION = 5.0;
				TARGETED_DEVICE_FAMILY = "1,2";
				TEST_HOST = "$(BUILT_PRODUCTS_DIR)/UI-78.app/UI-78";
			};
			name = Release;
		};
		674F0AF0258E2978008013A7 /* Debug */ = {
			isa = XCBuildConfiguration;
			buildSettings = {
				ALWAYS_EMBED_SWIFT_STANDARD_LIBRARIES = YES;
				CODE_SIGN_STYLE = Automatic;
				INFOPLIST_FILE = "UI-78UITests/Info.plist";
				LD_RUNPATH_SEARCH_PATHS = (
					"$(inherited)",
					"@executable_path/Frameworks",
					"@loader_path/Frameworks",
				);
				PRODUCT_BUNDLE_IDENTIFIER = "com.uzu.UI-78UITests";
				PRODUCT_NAME = "$(TARGET_NAME)";
				SWIFT_VERSION = 5.0;
				TARGETED_DEVICE_FAMILY = "1,2";
				TEST_TARGET_NAME = "UI-78";
			};
			name = Debug;
		};
		674F0AF1258E2978008013A7 /* Release */ = {
			isa = XCBuildConfiguration;
			buildSettings = {
				ALWAYS_EMBED_SWIFT_STANDARD_LIBRARIES = YES;
				CODE_SIGN_STYLE = Automatic;
				INFOPLIST_FILE = "UI-78UITests/Info.plist";
				LD_RUNPATH_SEARCH_PATHS = (
					"$(inherited)",
					"@executable_path/Frameworks",
					"@loader_path/Frameworks",
				);
				PRODUCT_BUNDLE_IDENTIFIER = "com.uzu.UI-78UITests";
				PRODUCT_NAME = "$(TARGET_NAME)";
				SWIFT_VERSION = 5.0;
				TARGETED_DEVICE_FAMILY = "1,2";
				TEST_TARGET_NAME = "UI-78";
			};
			name = Release;
		};
/* End XCBuildConfiguration section */

/* Begin XCConfigurationList section */
		674F0ABF258E2975008013A7 /* Build configuration list for PBXProject "UI-78" */ = {
			isa = XCConfigurationList;
			buildConfigurations = (
				674F0AE7258E2978008013A7 /* Debug */,
				674F0AE8258E2978008013A7 /* Release */,
			);
			defaultConfigurationIsVisible = 0;
			defaultConfigurationName = Release;
		};
		674F0AE9258E2978008013A7 /* Build configuration list for PBXNativeTarget "UI-78" */ = {
			isa = XCConfigurationList;
			buildConfigurations = (
				674F0AEA258E2978008013A7 /* Debug */,
				674F0AEB258E2978008013A7 /* Release */,
			);
			defaultConfigurationIsVisible = 0;
			defaultConfigurationName = Release;
		};
		674F0AEC258E2978008013A7 /* Build configuration list for PBXNativeTarget "UI-78Tests" */ = {
			isa = XCConfigurationList;
			buildConfigurations = (
				674F0AED258E2978008013A7 /* Debug */,
				674F0AEE258E2978008013A7 /* Release */,
			);
			defaultConfigurationIsVisible = 0;
			defaultConfigurationName = Release;
		};
		674F0AEF258E2978008013A7 /* Build configuration list for PBXNativeTarget "UI-78UITests" */ = {
			isa = XCConfigurationList;
			buildConfigurations = (
				674F0AF0258E2978008013A7 /* Debug */,
				674F0AF1258E2978008013A7 /* Release */,
			);
			defaultConfigurationIsVisible = 0;
			defaultConfigurationName = Release;
		};
/* End XCConfigurationList section */
	};
	rootObject = 674F0ABC258E2975008013A7 /* Project object */;
}
